github.com/golang-jwt/jwt/v5 v5.2.2 h1:Rl4B7itRWVtYIHFrSNd7vhTiz9UpLdi6gZhZ3wEeDy8=
github.com/golang-jwt/jwt/v5 v5.2.2/go.mod h1:pqrtFR0X4osieyHYxtmOUWsAWrfe1Q5UVIyoH402zdk=
github.com/zoobz-io/capitan v1.0.2 h1:/NKAgntWeRIN4S0oaZJNk6qaYuDN/Gw68+81kLbkLrc=
github.com/zoobz-io/capitan v1.0.2/go.mod h1:tFqS6q99gRvgYBzvFIfJMDV1ukWU61H6ZB4HyZmiWuI=
github.com/zoobz-io/check v0.0.5 h1:g49wFLToFUtMMffGUgpD3TBIsA572U9J+97dOE2QA44=
github.com/zoobz-io/check v0.0.5/go.mod h1:uLPAEiFL6wYGF6rc4aYrQEzC0x9iGUvn3DTgowUe+TA=
github.com/zoobz-io/clockz v1.0.2 h1:7ejfwTlaeNaVlLWW0pl1ZHfsaq3Iwg5vCphrvJMDNXI=
github.com/zoobz-io/clockz v1.0.2/go.mod h1:kkUNGMtZ5r349253S1uOuLR/6YkC+qt8C8UIypFhn8o=
github.com/zoobz-io/openapi v1.0.2 h1:KWJmjt/EYTkyzTvNCEK6BXDRWV7J45LhRXqWWZjm2mc=
github.com/zoobz-io/openapi v1.0.2/go.mod h1:B1AhdYd+dAtRRPIH8IQo2yjrvZbUdQAIhyrC+WhdrZA=
github.com/zoobz-io/sentinel v1.0.4 h1:nGn4zzwwjmd30tJ2nf75xgvkw47lrD+0dDYFMCg1s1k=
github.com/zoobz-io/sentinel v1.0.4/go.mod h1:/Bao7Ro0XVh5oxDZBjpFaNuKosXY3wT5ccjtDnC4lRs=
golang.org/x/exp v0.0.0-20260112195511-716be5621a96 h1:Z/6YuSHTLOHfNFdb8zVZomZr7cqNgTJvA8+Qz75D8gU=
golang.org/x/exp v0.0.0-20260112195511-716be5621a96/go.mod h1:nzimsREAkjBCIEFtHiYkrJyT+2uy9YZJB7H1k68CXZU=
gopkg.in/check.v1 v0.0.0-20161208181325-20d25e280405 h1:yhCVgyC4o1eVCa2tZl7eS0r+SDo693bJlVdllGtEeKM=
gopkg.in/check.v1 v0.0.0-20161208181325-20d25e280405/go.mod h1:Co6ibVJAznAaIkqp8huTwlJQCZ016jof/cbN4VW5Yz0=
gopkg.in/yaml.v3 v3.0.1 h1:fxVm/GzAzEWqLHuvctI91KS9hhNmmWOoWu0XTYJS7CA=
gopkg.in/yaml.v3 v3.0.1/go.mod h1:K4uyk7z7BCEPqu6E+C64Yfv1cQ7kz7rIZviUmN+EgEM=
